
Microsoft Visual Studio Solution File, Format Version 12.00
# Visual Studio Version 16
VisualStudioVersion = 16.0.30621.155
MinimumVisualStudioVersion = 10.0.40219.1
Project("{FAE04EC0-301F-11D3-BF4B-00C04F79EFBC}") = "practicaGIT", "practicaGIT\practicaGIT.csproj", "{BADD1296-41A9-4171-88BC-F3F1770E9A8A}"
EndProject
Global
	GlobalSection(SolutionConfigurationPlatforms) = preSolution
		Debug|Any CPU = Debug|Any CPU
		Release|Any CPU = Release|Any CPU
	EndGlobalSection
	GlobalSection(ProjectConfigurationPlatforms) = postSolution
		{BADD1296-41A9-4171-88BC-F3F1770E9A8A}.Debug|Any CPU.ActiveCfg = Debug|Any CPU
		{BADD1296-41A9-4171-88BC-F3F1770E9A8A}.Debug|Any CPU.Build.0 = Debug|Any CPU
		{BADD1296-41A9-4171-88BC-F3F1770E9A8A}.Release|Any CPU.ActiveCfg = Release|Any CPU
		{BADD1296-41A9-4171-88BC-F3F1770E9A8A}.Release|Any CPU.Build.0 = Release|Any CPU
	EndGlobalSection
	GlobalSection(SolutionProperties) = preSolution
		HideSolutionNode = FALSE
	EndGlobalSection
	GlobalSection(ExtensibilityGlobals) = postSolution
		SolutionGuid = {8017FC2A-EBF9-4AB6-8E2A-1644CE6D0CA6}
	EndGlobalSection
EndGlobal
